# This file is generated by running "yarn install" inside your project.
# Manual changes might be lost - proceed with caution!

__metadata:
  version: 8
  cacheKey: 10c0

"@types/node@npm:^22.10.0":
  version: 22.10.0
  resolution: "@types/node@npm:22.10.0"
  dependencies:
    undici-types: "npm:~6.20.0"
  checksum: 10c0/efb3783b6fe74b4300c5bdd4f245f1025887d9b1d0950edae584af58a30d95cc058c10b4b3428f8300e4318468b605240c2ede8fcfb6ead2e0f05bca31e54c1b
  languageName: node
  linkType: hard

"pub-priv-key-gen@workspace:.":
  version: 0.0.0-use.local
  resolution: "pub-priv-key-gen@workspace:."
  dependencies:
    "@types/node": "npm:^22.10.0"
  languageName: unknown
  linkType: soft

"undici-types@npm:~6.20.0":
  version: 6.20.0
  resolution: "undici-types@npm:6.20.0"
  checksum: 10c0/68e659a98898d6a836a9a59e6adf14a5d799707f5ea629433e025ac90d239f75e408e2e5ff086afc3cace26f8b26ee52155293564593fbb4a2f666af57fc59bf
  languageName: node
  linkType: hard
